
Microsoft Visual Studio Solution File, Format Version 12.00
# Visual Studio Version 16
VisualStudioVersion = 16.0.30503.244
MinimumVisualStudioVersion = 10.0.40219.1
Project("{8BC9CEB8-8B4A-11D0-8D11-00A0C91BC942}") = "41sol", "41sol.vcxproj", "{8FC86653-4CD7-440D-B201-917CE60769ED}"
EndProject
Project("{8BC9CEB8-8B4A-11D0-8D11-00A0C91BC942}") = "task022", "..\task022\task022.vcxproj", "{F3C9E800-24CB-4A71-B259-5D58409E6B12}"
EndProject
Global
	GlobalSection(SolutionConfigurationPlatforms) = preSolution
		Debug|x64 = Debug|x64
		Debug|x86 = Debug|x86
		Release|x64 = Release|x64
		Release|x86 = Release|x86
	EndGlobalSection
	GlobalSection(ProjectConfigurationPlatforms) = postSolution
		{8FC86653-4CD7-440D-B201-917CE60769ED}.Debug|x64.ActiveCfg = Debug|x64
		{8FC86653-4CD7-440D-B201-917CE60769ED}.Debug|x64.Build.0 = Debug|x64
		{8FC86653-4CD7-440D-B201-917CE60769ED}.Debug|x86.ActiveCfg = Debug|Win32
		{8FC86653-4CD7-440D-B201-917CE60769ED}.Debug|x86.Build.0 = Debug|Win32
		{8FC86653-4CD7-440D-B201-917CE60769ED}.Release|x64.ActiveCfg = Release|x64
		{8FC86653-4CD7-440D-B201-917CE60769ED}.Release|x64.Build.0 = Release|x64
		{8FC86653-4CD7-440D-B201-917CE60769ED}.Release|x86.ActiveCfg = Release|Win32
		{8FC86653-4CD7-440D-B201-917CE60769ED}.Release|x86.Build.0 = Release|Win32
		{F3C9E800-24CB-4A71-B259-5D58409E6B12}.Debug|x64.ActiveCfg = Debug|x64
		{F3C9E800-24CB-4A71-B259-5D58409E6B12}.Debug|x64.Build.0 = Debug|x64
		{F3C9E800-24CB-4A71-B259-5D58409E6B12}.Debug|x86.ActiveCfg = Debug|Win32
		{F3C9E800-24CB-4A71-B259-5D58409E6B12}.Debug|x86.Build.0 = Debug|Win32
		{F3C9E800-24CB-4A71-B259-5D58409E6B12}.Release|x64.ActiveCfg = Release|x64
		{F3C9E800-24CB-4A71-B259-5D58409E6B12}.Release|x64.Build.0 = Release|x64
		{F3C9E800-24CB-4A71-B259-5D58409E6B12}.Release|x86.ActiveCfg = Release|Win32
		{F3C9E800-24CB-4A71-B259-5D58409E6B12}.Release|x86.Build.0 = Release|Win32
	EndGlobalSection
	GlobalSection(SolutionProperties) = preSolution
		HideSolutionNode = FALSE
	EndGlobalSection
	GlobalSection(ExtensibilityGlobals) = postSolution
		SolutionGuid = {07878DCE-95D8-41A5-B4C0-4875D2B14725}
	EndGlobalSection
EndGlobal
